
Microsoft Visual Studio Solution File, Format Version 12.00
# Visual Studio 15
VisualStudioVersion = 15.0.27703.2018
MinimumVisualStudioVersion = 10.0.40219.1
Project("{FAE04EC0-301F-11D3-BF4B-00C04F79EFBC}") = "ConsoleInventorySystem", "ConsoleInventorySystem\ConsoleInventorySystem.csproj", "{8153AD62-2BEE-4159-A426-110A006674B8}"
EndProject
Global
	GlobalSection(SolutionConfigurationPlatforms) = preSolution
		Debug|Any CPU = Debug|Any CPU
		Release|Any CPU = Release|Any CPU
	EndGlobalSection
	GlobalSection(ProjectConfigurationPlatforms) = postSolution
		{8153AD62-2BEE-4159-A426-110A006674B8}.Debug|Any CPU.ActiveCfg = Debug|Any CPU
		{8153AD62-2BEE-4159-A426-110A006674B8}.Debug|Any CPU.Build.0 = Debug|Any CPU
		{8153AD62-2BEE-4159-A426-110A006674B8}.Release|Any CPU.ActiveCfg = Release|Any CPU
		{8153AD62-2BEE-4159-A426-110A006674B8}.Release|Any CPU.Build.0 = Release|Any CPU
	EndGlobalSection
	GlobalSection(SolutionProperties) = preSolution
		HideSolutionNode = FALSE
	EndGlobalSection
	GlobalSection(ExtensibilityGlobals) = postSolution
		SolutionGuid = {CA3483B1-3164-4332-BD74-793DB5A3CC95}
	EndGlobalSection
EndGlobal
