
Microsoft Visual Studio Solution File, Format Version 12.00
# Visual Studio 14
VisualStudioVersion = 14.0.25420.1
MinimumVisualStudioVersion = 10.0.40219.1
Project("{FAE04EC0-301F-11D3-BF4B-00C04F79EFBC}") = "NaiveSocketImplementationWinForms", "NaiveSocketImplementationWinForms\NaiveSocketImplementationWinForms.csproj", "{4DB6DDE5-82F0-42FC-AF0D-78B65500447B}"
EndProject
Project("{FAE04EC0-301F-11D3-BF4B-00C04F79EFBC}") = "NaiveWinformsClient", "NaiveWinformsClient\NaiveWinformsClient.csproj", "{2730BE5E-6A18-44EF-8232-1C6568CA5417}"
EndProject
Project("{FAE04EC0-301F-11D3-BF4B-00C04F79EFBC}") = "Networking", "Networking\Networking.csproj", "{FB9185E4-A0D6-47B8-B46A-06CAB41C6A57}"
EndProject
Global
	GlobalSection(SolutionConfigurationPlatforms) = preSolution
		Debug|Any CPU = Debug|Any CPU
		Release|Any CPU = Release|Any CPU
	EndGlobalSection
	GlobalSection(ProjectConfigurationPlatforms) = postSolution
		{4DB6DDE5-82F0-42FC-AF0D-78B65500447B}.Debug|Any CPU.ActiveCfg = Debug|Any CPU
		{4DB6DDE5-82F0-42FC-AF0D-78B65500447B}.Debug|Any CPU.Build.0 = Debug|Any CPU
		{4DB6DDE5-82F0-42FC-AF0D-78B65500447B}.Release|Any CPU.ActiveCfg = Release|Any CPU
		{4DB6DDE5-82F0-42FC-AF0D-78B65500447B}.Release|Any CPU.Build.0 = Release|Any CPU
		{2730BE5E-6A18-44EF-8232-1C6568CA5417}.Debug|Any CPU.ActiveCfg = Debug|Any CPU
		{2730BE5E-6A18-44EF-8232-1C6568CA5417}.Debug|Any CPU.Build.0 = Debug|Any CPU
		{2730BE5E-6A18-44EF-8232-1C6568CA5417}.Release|Any CPU.ActiveCfg = Release|Any CPU
		{2730BE5E-6A18-44EF-8232-1C6568CA5417}.Release|Any CPU.Build.0 = Release|Any CPU
		{FB9185E4-A0D6-47B8-B46A-06CAB41C6A57}.Debug|Any CPU.ActiveCfg = Debug|Any CPU
		{FB9185E4-A0D6-47B8-B46A-06CAB41C6A57}.Debug|Any CPU.Build.0 = Debug|Any CPU
		{FB9185E4-A0D6-47B8-B46A-06CAB41C6A57}.Release|Any CPU.ActiveCfg = Release|Any CPU
		{FB9185E4-A0D6-47B8-B46A-06CAB41C6A57}.Release|Any CPU.Build.0 = Release|Any CPU
	EndGlobalSection
	GlobalSection(SolutionProperties) = preSolution
		HideSolutionNode = FALSE
	EndGlobalSection
EndGlobal
