
Microsoft Visual Studio Solution File, Format Version 12.00
# Visual Studio 14
VisualStudioVersion = 14.0.25420.1
MinimumVisualStudioVersion = 10.0.40219.1
Project("{FAE04EC0-301F-11D3-BF4B-00C04F79EFBC}") = "SerialPortTest", "SerialPortTest\SerialPortTest.csproj", "{976A1D75-4FA5-49EC-B257-B60C7E05FDA4}"
EndProject
Project("{FAE04EC0-301F-11D3-BF4B-00C04F79EFBC}") = "GUI", "GUI\GUI.csproj", "{AB5ED337-CF08-43A8-B21C-72497567F90B}"
EndProject
Global
	GlobalSection(SolutionConfigurationPlatforms) = preSolution
		Debug|Any CPU = Debug|Any CPU
		Release|Any CPU = Release|Any CPU
	EndGlobalSection
	GlobalSection(ProjectConfigurationPlatforms) = postSolution
		{976A1D75-4FA5-49EC-B257-B60C7E05FDA4}.Debug|Any CPU.ActiveCfg = Debug|Any CPU
		{976A1D75-4FA5-49EC-B257-B60C7E05FDA4}.Debug|Any CPU.Build.0 = Debug|Any CPU
		{976A1D75-4FA5-49EC-B257-B60C7E05FDA4}.Release|Any CPU.ActiveCfg = Release|Any CPU
		{976A1D75-4FA5-49EC-B257-B60C7E05FDA4}.Release|Any CPU.Build.0 = Release|Any CPU
		{AB5ED337-CF08-43A8-B21C-72497567F90B}.Debug|Any CPU.ActiveCfg = Debug|Any CPU
		{AB5ED337-CF08-43A8-B21C-72497567F90B}.Debug|Any CPU.Build.0 = Debug|Any CPU
		{AB5ED337-CF08-43A8-B21C-72497567F90B}.Release|Any CPU.ActiveCfg = Release|Any CPU
		{AB5ED337-CF08-43A8-B21C-72497567F90B}.Release|Any CPU.Build.0 = Release|Any CPU
	EndGlobalSection
	GlobalSection(SolutionProperties) = preSolution
		HideSolutionNode = FALSE
	EndGlobalSection
EndGlobal
