
Microsoft Visual Studio Solution File, Format Version 12.00
# Visual Studio 14
VisualStudioVersion = 14.0.25420.1
MinimumVisualStudioVersion = 10.0.40219.1
Project("{FAE04EC0-301F-11D3-BF4B-00C04F79EFBC}") = "NaiveSocketImplementation", "NaiveSocketImplementation\NaiveSocketImplementation.csproj", "{9A981911-5250-4BB0-9122-E13D530F64E0}"
EndProject
Project("{FAE04EC0-301F-11D3-BF4B-00C04F79EFBC}") = "NaiveClient", "NaiveClient\NaiveClient.csproj", "{09065BCA-746F-4830-9B01-D78CFD558024}"
EndProject
Global
	GlobalSection(SolutionConfigurationPlatforms) = preSolution
		Debug|Any CPU = Debug|Any CPU
		Release|Any CPU = Release|Any CPU
	EndGlobalSection
	GlobalSection(ProjectConfigurationPlatforms) = postSolution
		{9A981911-5250-4BB0-9122-E13D530F64E0}.Debug|Any CPU.ActiveCfg = Debug|Any CPU
		{9A981911-5250-4BB0-9122-E13D530F64E0}.Debug|Any CPU.Build.0 = Debug|Any CPU
		{9A981911-5250-4BB0-9122-E13D530F64E0}.Release|Any CPU.ActiveCfg = Release|Any CPU
		{9A981911-5250-4BB0-9122-E13D530F64E0}.Release|Any CPU.Build.0 = Release|Any CPU
		{09065BCA-746F-4830-9B01-D78CFD558024}.Debug|Any CPU.ActiveCfg = Debug|Any CPU
		{09065BCA-746F-4830-9B01-D78CFD558024}.Debug|Any CPU.Build.0 = Debug|Any CPU
		{09065BCA-746F-4830-9B01-D78CFD558024}.Release|Any CPU.ActiveCfg = Release|Any CPU
		{09065BCA-746F-4830-9B01-D78CFD558024}.Release|Any CPU.Build.0 = Release|Any CPU
	EndGlobalSection
	GlobalSection(SolutionProperties) = preSolution
		HideSolutionNode = FALSE
	EndGlobalSection
EndGlobal
