
Microsoft Visual Studio Solution File, Format Version 12.00
# Visual Studio 2013
VisualStudioVersion = 12.0.40629.0
MinimumVisualStudioVersion = 10.0.40219.1
Project("{FAE04EC0-301F-11D3-BF4B-00C04F79EFBC}") = "ClientApplication", "ClientApplication\ClientApplication.csproj", "{61C88F1F-61A4-46EB-99C5-A5C3658D4496}"
EndProject
Project("{FAE04EC0-301F-11D3-BF4B-00C04F79EFBC}") = "ServerApplication", "ServerApplication\ServerApplication.csproj", "{C97C8F24-98AE-45CA-8DC5-7F17F65D2D5C}"
EndProject
Global
	GlobalSection(SolutionConfigurationPlatforms) = preSolution
		Debug|Any CPU = Debug|Any CPU
		Release|Any CPU = Release|Any CPU
	EndGlobalSection
	GlobalSection(ProjectConfigurationPlatforms) = postSolution
		{61C88F1F-61A4-46EB-99C5-A5C3658D4496}.Debug|Any CPU.ActiveCfg = Debug|Any CPU
		{61C88F1F-61A4-46EB-99C5-A5C3658D4496}.Debug|Any CPU.Build.0 = Debug|Any CPU
		{61C88F1F-61A4-46EB-99C5-A5C3658D4496}.Release|Any CPU.ActiveCfg = Release|Any CPU
		{61C88F1F-61A4-46EB-99C5-A5C3658D4496}.Release|Any CPU.Build.0 = Release|Any CPU
		{C97C8F24-98AE-45CA-8DC5-7F17F65D2D5C}.Debug|Any CPU.ActiveCfg = Debug|Any CPU
		{C97C8F24-98AE-45CA-8DC5-7F17F65D2D5C}.Debug|Any CPU.Build.0 = Debug|Any CPU
		{C97C8F24-98AE-45CA-8DC5-7F17F65D2D5C}.Release|Any CPU.ActiveCfg = Release|Any CPU
		{C97C8F24-98AE-45CA-8DC5-7F17F65D2D5C}.Release|Any CPU.Build.0 = Release|Any CPU
	EndGlobalSection
	GlobalSection(SolutionProperties) = preSolution
		HideSolutionNode = FALSE
	EndGlobalSection
EndGlobal
