
Microsoft Visual Studio Solution File, Format Version 12.00
# Visual Studio 2013
VisualStudioVersion = 12.0.40629.0
MinimumVisualStudioVersion = 10.0.40219.1
Project("{FAE04EC0-301F-11D3-BF4B-00C04F79EFBC}") = "CarBooking", "CarBooking.csproj", "{383AD01B-8F0B-4B42-B766-1C77932EB415}"
EndProject
Project("{FAE04EC0-301F-11D3-BF4B-00C04F79EFBC}") = "CarBookingLogic", "..\CarBookingLogic\CarBookingLogic.csproj", "{0DD15360-E640-4268-A269-D6AFEA288195}"
EndProject
Global
	GlobalSection(SolutionConfigurationPlatforms) = preSolution
		Debug|Any CPU = Debug|Any CPU
		Release|Any CPU = Release|Any CPU
	EndGlobalSection
	GlobalSection(ProjectConfigurationPlatforms) = postSolution
		{383AD01B-8F0B-4B42-B766-1C77932EB415}.Debug|Any CPU.ActiveCfg = Debug|Any CPU
		{383AD01B-8F0B-4B42-B766-1C77932EB415}.Debug|Any CPU.Build.0 = Debug|Any CPU
		{383AD01B-8F0B-4B42-B766-1C77932EB415}.Release|Any CPU.ActiveCfg = Release|Any CPU
		{383AD01B-8F0B-4B42-B766-1C77932EB415}.Release|Any CPU.Build.0 = Release|Any CPU
		{0DD15360-E640-4268-A269-D6AFEA288195}.Debug|Any CPU.ActiveCfg = Debug|Any CPU
		{0DD15360-E640-4268-A269-D6AFEA288195}.Debug|Any CPU.Build.0 = Debug|Any CPU
		{0DD15360-E640-4268-A269-D6AFEA288195}.Release|Any CPU.ActiveCfg = Release|Any CPU
		{0DD15360-E640-4268-A269-D6AFEA288195}.Release|Any CPU.Build.0 = Release|Any CPU
	EndGlobalSection
	GlobalSection(SolutionProperties) = preSolution
		HideSolutionNode = FALSE
	EndGlobalSection
EndGlobal
