
Microsoft Visual Studio Solution File, Format Version 12.00
# Visual Studio 14
VisualStudioVersion = 14.0.25420.1
MinimumVisualStudioVersion = 10.0.40219.1
Project("{FAE04EC0-301F-11D3-BF4B-00C04F79EFBC}") = "IOFun", "IOFun\IOFun.csproj", "{01DBF789-B167-45CF-8E78-402F9366B1C2}"
EndProject
Project("{FAE04EC0-301F-11D3-BF4B-00C04F79EFBC}") = "DriveFun", "DriveFun\DriveFun.csproj", "{A413BF4F-6D55-4E88-B9C0-AAECAE78ED72}"
EndProject
Global
	GlobalSection(SolutionConfigurationPlatforms) = preSolution
		Debug|Any CPU = Debug|Any CPU
		Release|Any CPU = Release|Any CPU
	EndGlobalSection
	GlobalSection(ProjectConfigurationPlatforms) = postSolution
		{01DBF789-B167-45CF-8E78-402F9366B1C2}.Debug|Any CPU.ActiveCfg = Debug|Any CPU
		{01DBF789-B167-45CF-8E78-402F9366B1C2}.Debug|Any CPU.Build.0 = Debug|Any CPU
		{01DBF789-B167-45CF-8E78-402F9366B1C2}.Release|Any CPU.ActiveCfg = Release|Any CPU
		{01DBF789-B167-45CF-8E78-402F9366B1C2}.Release|Any CPU.Build.0 = Release|Any CPU
		{A413BF4F-6D55-4E88-B9C0-AAECAE78ED72}.Debug|Any CPU.ActiveCfg = Debug|Any CPU
		{A413BF4F-6D55-4E88-B9C0-AAECAE78ED72}.Debug|Any CPU.Build.0 = Debug|Any CPU
		{A413BF4F-6D55-4E88-B9C0-AAECAE78ED72}.Release|Any CPU.ActiveCfg = Release|Any CPU
		{A413BF4F-6D55-4E88-B9C0-AAECAE78ED72}.Release|Any CPU.Build.0 = Release|Any CPU
	EndGlobalSection
	GlobalSection(SolutionProperties) = preSolution
		HideSolutionNode = FALSE
	EndGlobalSection
EndGlobal
